
Microsoft Visual Studio Solution File, Format Version 12.00
# Visual Studio Version 16
VisualStudioVersion = 16.6.30114.105
MinimumVisualStudioVersion = 10.0.40219.1
Project("{9A19103F-16F7-4668-BE54-9A1E7A4F7556}") = "LeaveNoTrace", "LeaveNoTrace\LeaveNoTrace.csproj", "{0E052529-98F6-4C5E-B9E9-DCC3DF724822}"
EndProject
Project("{9A19103F-16F7-4668-BE54-9A1E7A4F7556}") = "WebView", "Webview\WebView.csproj", "{74389593-A13C-4B1B-9CAE-5D390C6E4D15}"
EndProject
Global
	GlobalSection(SolutionConfigurationPlatforms) = preSolution
		Debug|Any CPU = Debug|Any CPU
		Debug|x64 = Debug|x64
		Debug|x86 = Debug|x86
		Release|Any CPU = Release|Any CPU
		Release|x64 = Release|x64
		Release|x86 = Release|x86
	EndGlobalSection
	GlobalSection(ProjectConfigurationPlatforms) = postSolution
		{0E052529-98F6-4C5E-B9E9-DCC3DF724822}.Debug|Any CPU.ActiveCfg = Debug|Any CPU
		{0E052529-98F6-4C5E-B9E9-DCC3DF724822}.Debug|Any CPU.Build.0 = Debug|Any CPU
		{0E052529-98F6-4C5E-B9E9-DCC3DF724822}.Debug|x64.ActiveCfg = Debug|Any CPU
		{0E052529-98F6-4C5E-B9E9-DCC3DF724822}.Debug|x64.Build.0 = Debug|Any CPU
		{0E052529-98F6-4C5E-B9E9-DCC3DF724822}.Debug|x86.ActiveCfg = Debug|Any CPU
		{0E052529-98F6-4C5E-B9E9-DCC3DF724822}.Debug|x86.Build.0 = Debug|Any CPU
		{0E052529-98F6-4C5E-B9E9-DCC3DF724822}.Release|Any CPU.ActiveCfg = Release|Any CPU
		{0E052529-98F6-4C5E-B9E9-DCC3DF724822}.Release|Any CPU.Build.0 = Release|Any CPU
		{0E052529-98F6-4C5E-B9E9-DCC3DF724822}.Release|x64.ActiveCfg = Release|Any CPU
		{0E052529-98F6-4C5E-B9E9-DCC3DF724822}.Release|x64.Build.0 = Release|Any CPU
		{0E052529-98F6-4C5E-B9E9-DCC3DF724822}.Release|x86.ActiveCfg = Release|Any CPU
		{0E052529-98F6-4C5E-B9E9-DCC3DF724822}.Release|x86.Build.0 = Release|Any CPU
		{74389593-A13C-4B1B-9CAE-5D390C6E4D15}.Debug|Any CPU.ActiveCfg = Debug|Any CPU
		{74389593-A13C-4B1B-9CAE-5D390C6E4D15}.Debug|Any CPU.Build.0 = Debug|Any CPU
		{74389593-A13C-4B1B-9CAE-5D390C6E4D15}.Debug|x64.ActiveCfg = Debug|Any CPU
		{74389593-A13C-4B1B-9CAE-5D390C6E4D15}.Debug|x64.Build.0 = Debug|Any CPU
		{74389593-A13C-4B1B-9CAE-5D390C6E4D15}.Debug|x86.ActiveCfg = Debug|Any CPU
		{74389593-A13C-4B1B-9CAE-5D390C6E4D15}.Debug|x86.Build.0 = Debug|Any CPU
		{74389593-A13C-4B1B-9CAE-5D390C6E4D15}.Release|Any CPU.ActiveCfg = Release|Any CPU
		{74389593-A13C-4B1B-9CAE-5D390C6E4D15}.Release|Any CPU.Build.0 = Release|Any CPU
		{74389593-A13C-4B1B-9CAE-5D390C6E4D15}.Release|x64.ActiveCfg = Release|Any CPU
		{74389593-A13C-4B1B-9CAE-5D390C6E4D15}.Release|x64.Build.0 = Release|Any CPU
		{74389593-A13C-4B1B-9CAE-5D390C6E4D15}.Release|x86.ActiveCfg = Release|Any CPU
		{74389593-A13C-4B1B-9CAE-5D390C6E4D15}.Release|x86.Build.0 = Release|Any CPU
	EndGlobalSection
	GlobalSection(SolutionProperties) = preSolution
		HideSolutionNode = FALSE
	EndGlobalSection
	GlobalSection(ExtensibilityGlobals) = postSolution
		SolutionGuid = {3DE0D853-6E1F-440B-B5E1-5D99C2A7D395}
	EndGlobalSection
EndGlobal
